# THIS IS AN AUTOGENERATED FILE. DO NOT EDIT THIS FILE DIRECTLY.
# yarn lockfile v1


micro-signals@^2.1.0:
  version "2.4.0"
  resolved "http://verdaccio:4873/micro-signals/-/micro-signals-2.4.0.tgz#007af19ea18051e360f9fa17023284779d839593"
  integrity sha512-OpGuAaqeJQEV4Q45M8K1RWi4/Fs8QRl9xB9Q5MBGcMlXu5rJu4exdZ0dNXrHKDUpXcIvGW/Lndr7qrtlNB5MGg==

typescript@^4.0.3:
  version "4.0.3"
  resolved "http://verdaccio:4873/typescript/-/typescript-4.0.3.tgz#153bbd468ef07725c1df9c77e8b453f8d36abba5"
  integrity sha512-tEu6DGxGgRJPb/mVPIZ48e69xCn2yRmCgYmDugAVwmJ6o+0u1RI18eO7E7WBTLYLaEVVOhwQmcdhQHweux/WPg==
